{
  "name": "ani-motion",
  "version": "0.0.6",
  "lockfileVersion": 3,
  "requires": true,
  "packages": {
    "": {
      "name": "ani-motion",
      "version": "0.0.6",
      "license": "ISC",
      "dependencies": {
        "ani-motion936": "^0.0.8"
      }
    },
    "node_modules/ani-motion936": {
      "version": "0.0.8",
      "resolved": "https://registry.npmjs.org/ani-motion936/-/ani-motion936-0.0.8.tgz",
      "integrity": "sha512-jB+t7BwPC4yWBn1YHVAHt498OfU+lXfVyMvdRCeYW/Z4Ql8EBydk2pr/pPOIVEDdM5o930iDaS13Mdv1RON3bg=="
    }
  }
}
