{
  "name": "ani-motion",
  "version": "0.0.8",
  "lockfileVersion": 3,
  "requires": true,
  "packages": {
    "": {
      "name": "ani-motion",
      "version": "0.0.6",
      "license": "ISC",
      "dependencies": {
        "ani-motion936": "^0.1.1"
      }
    },
    "node_modules/ani-motion936": {
      "version": "0.1.1",
      "resolved": "https://registry.npmjs.org/ani-motion936/-/ani-motion936-0.1.1.tgz",
      "integrity": "sha512-0YQqc5HcSkupk7O9YCbisndL3nyjgPw+tlVafokkonKbzUSpVsVQpNhsrvi0GuATRcUBocznX/uWCV0WM/c6EQ=="
    }
  }
}
